
Microsoft Visual Studio Solution File, Format Version 12.00
# Visual Studio Version 17
VisualStudioVersion = 17.10.35122.118
MinimumVisualStudioVersion = 10.0.40219.1
Project("{9A19103F-16F7-4668-BE54-9A1E7A4F7556}") = "Presentation", "Presentation\Presentation.csproj", "{C974A0B3-40A9-4D82-B949-F8872D004159}"
EndProject
Project("{2150E333-8FDC-42A3-9474-1A3956D46DE8}") = "Infrastructure", "Infrastructure", "{AC8D5DDC-1B9A-41DA-8F79-0AD05BF40821}"
EndProject
Project("{9A19103F-16F7-4668-BE54-9A1E7A4F7556}") = "Persistence", "Persistence\Persistence.csproj", "{74021CAF-F82B-4A4B-8EF9-67DB84A1E229}"
EndProject
Project("{9A19103F-16F7-4668-BE54-9A1E7A4F7556}") = "Domain", "Domain\Domain.csproj", "{BCB3D77B-7801-473E-A05C-3F64BF15E356}"
EndProject
Project("{9A19103F-16F7-4668-BE54-9A1E7A4F7556}") = "Application", "Application\Application.csproj", "{43C2CE61-4F18-4C31-9421-1070FFF6CEEB}"
EndProject
Global
	GlobalSection(SolutionConfigurationPlatforms) = preSolution
		Debug|Any CPU = Debug|Any CPU
		Release|Any CPU = Release|Any CPU
	EndGlobalSection
	GlobalSection(ProjectConfigurationPlatforms) = postSolution
		{C974A0B3-40A9-4D82-B949-F8872D004159}.Debug|Any CPU.ActiveCfg = Debug|Any CPU
		{C974A0B3-40A9-4D82-B949-F8872D004159}.Debug|Any CPU.Build.0 = Debug|Any CPU
		{C974A0B3-40A9-4D82-B949-F8872D004159}.Release|Any CPU.ActiveCfg = Release|Any CPU
		{C974A0B3-40A9-4D82-B949-F8872D004159}.Release|Any CPU.Build.0 = Release|Any CPU
		{74021CAF-F82B-4A4B-8EF9-67DB84A1E229}.Debug|Any CPU.ActiveCfg = Debug|Any CPU
		{74021CAF-F82B-4A4B-8EF9-67DB84A1E229}.Debug|Any CPU.Build.0 = Debug|Any CPU
		{74021CAF-F82B-4A4B-8EF9-67DB84A1E229}.Release|Any CPU.ActiveCfg = Release|Any CPU
		{74021CAF-F82B-4A4B-8EF9-67DB84A1E229}.Release|Any CPU.Build.0 = Release|Any CPU
		{BCB3D77B-7801-473E-A05C-3F64BF15E356}.Debug|Any CPU.ActiveCfg = Debug|Any CPU
		{BCB3D77B-7801-473E-A05C-3F64BF15E356}.Debug|Any CPU.Build.0 = Debug|Any CPU
		{BCB3D77B-7801-473E-A05C-3F64BF15E356}.Release|Any CPU.ActiveCfg = Release|Any CPU
		{BCB3D77B-7801-473E-A05C-3F64BF15E356}.Release|Any CPU.Build.0 = Release|Any CPU
		{43C2CE61-4F18-4C31-9421-1070FFF6CEEB}.Debug|Any CPU.ActiveCfg = Debug|Any CPU
		{43C2CE61-4F18-4C31-9421-1070FFF6CEEB}.Debug|Any CPU.Build.0 = Debug|Any CPU
		{43C2CE61-4F18-4C31-9421-1070FFF6CEEB}.Release|Any CPU.ActiveCfg = Release|Any CPU
		{43C2CE61-4F18-4C31-9421-1070FFF6CEEB}.Release|Any CPU.Build.0 = Release|Any CPU
	EndGlobalSection
	GlobalSection(SolutionProperties) = preSolution
		HideSolutionNode = FALSE
	EndGlobalSection
	GlobalSection(NestedProjects) = preSolution
		{C974A0B3-40A9-4D82-B949-F8872D004159} = {AC8D5DDC-1B9A-41DA-8F79-0AD05BF40821}
		{74021CAF-F82B-4A4B-8EF9-67DB84A1E229} = {AC8D5DDC-1B9A-41DA-8F79-0AD05BF40821}
	EndGlobalSection
	GlobalSection(ExtensibilityGlobals) = postSolution
		SolutionGuid = {BE00340E-A9C9-4D9C-9252-AE265A8EF126}
	EndGlobalSection
EndGlobal
